
Microsoft Visual Studio Solution File, Format Version 12.00
# Visual Studio Version 16
VisualStudioVersion = 16.0.30717.126
MinimumVisualStudioVersion = 10.0.40219.1
Project("{9A19103F-16F7-4668-BE54-9A1E7A4F7556}") = "DChat", "DChat\DChat.csproj", "{50B173DB-8436-4BAB-B918-013226F60BA5}"
EndProject
Project("{9A19103F-16F7-4668-BE54-9A1E7A4F7556}") = "Server", "Server\Server.csproj", "{2973AB0E-4290-4479-8089-FBBA3E38001A}"
EndProject
Global
	GlobalSection(SolutionConfigurationPlatforms) = preSolution
		Debug|Any CPU = Debug|Any CPU
		Release|Any CPU = Release|Any CPU
	EndGlobalSection
	GlobalSection(ProjectConfigurationPlatforms) = postSolution
		{50B173DB-8436-4BAB-B918-013226F60BA5}.Debug|Any CPU.ActiveCfg = Debug|Any CPU
		{50B173DB-8436-4BAB-B918-013226F60BA5}.Debug|Any CPU.Build.0 = Debug|Any CPU
		{50B173DB-8436-4BAB-B918-013226F60BA5}.Release|Any CPU.ActiveCfg = Release|Any CPU
		{50B173DB-8436-4BAB-B918-013226F60BA5}.Release|Any CPU.Build.0 = Release|Any CPU
		{2973AB0E-4290-4479-8089-FBBA3E38001A}.Debug|Any CPU.ActiveCfg = Debug|Any CPU
		{2973AB0E-4290-4479-8089-FBBA3E38001A}.Debug|Any CPU.Build.0 = Debug|Any CPU
		{2973AB0E-4290-4479-8089-FBBA3E38001A}.Release|Any CPU.ActiveCfg = Release|Any CPU
		{2973AB0E-4290-4479-8089-FBBA3E38001A}.Release|Any CPU.Build.0 = Release|Any CPU
	EndGlobalSection
	GlobalSection(SolutionProperties) = preSolution
		HideSolutionNode = FALSE
	EndGlobalSection
	GlobalSection(ExtensibilityGlobals) = postSolution
		SolutionGuid = {2CE94FC9-69F5-442C-B051-CA770D6F42B5}
	EndGlobalSection
EndGlobal
